
Microsoft Visual Studio Solution File, Format Version 12.00
# Visual Studio Version 17
VisualStudioVersion = 17.3.32929.385
MinimumVisualStudioVersion = 10.0.40219.1
Project("{FAE04EC0-301F-11D3-BF4B-00C04F79EFBC}") = "SignalRPollsterMVC", "SignalRPollsterMVC\SignalRPollsterMVC.csproj", "{43D1F2AA-3D98-42FE-A067-41D09093627D}"
EndProject
Global
	GlobalSection(SolutionConfigurationPlatforms) = preSolution
		Debug|Any CPU = Debug|Any CPU
		Release|Any CPU = Release|Any CPU
	EndGlobalSection
	GlobalSection(ProjectConfigurationPlatforms) = postSolution
		{43D1F2AA-3D98-42FE-A067-41D09093627D}.Debug|Any CPU.ActiveCfg = Debug|Any CPU
		{43D1F2AA-3D98-42FE-A067-41D09093627D}.Debug|Any CPU.Build.0 = Debug|Any CPU
		{43D1F2AA-3D98-42FE-A067-41D09093627D}.Release|Any CPU.ActiveCfg = Release|Any CPU
		{43D1F2AA-3D98-42FE-A067-41D09093627D}.Release|Any CPU.Build.0 = Release|Any CPU
	EndGlobalSection
	GlobalSection(SolutionProperties) = preSolution
		HideSolutionNode = FALSE
	EndGlobalSection
	GlobalSection(ExtensibilityGlobals) = postSolution
		SolutionGuid = {AF68F296-7764-4263-B55B-EB3A999264EF}
	EndGlobalSection
EndGlobal
